{
  "name": "ag_mortgage_flutter",
  "version": "1.0.0",
  "lockfileVersion": 2,
  "requires": true,
  "packages": {
    "": {
      "name": "ag_mortgage_flutter",
      "version": "1.0.0",
      "license": "ISC",
      "dependencies": {
        "ag_mortgage_flutter": "file:",
        "libphonenumber-js": "^1.12.4"
      }
    },
    "node_modules/ag_mortgage_flutter": {
      "resolved": "",
      "link": true
    },
    "node_modules/libphonenumber-js": {
      "version": "1.12.4",
      "resolved": "https://registry.npmjs.org/libphonenumber-js/-/libphonenumber-js-1.12.4.tgz",
      "integrity": "sha512-vLmhg7Gan7idyAKfc6pvCtNzvar4/eIzrVVk3hjNFH5+fGqyjD0gQRovdTrDl20wsmZhBtmZpcsR0tOfquwb8g=="
    }
  },
  "dependencies": {
    "ag_mortgage_flutter": {
      "version": "file:",
      "requires": {
        "ag_mortgage_flutter": "file:",
        "libphonenumber-js": "^1.12.4"
      },
      "dependencies": {
        "libphonenumber-js": {
          "version": "1.12.4",
          "resolved": "https://registry.npmjs.org/libphonenumber-js/-/libphonenumber-js-1.12.4.tgz",
          "integrity": "sha512-vLmhg7Gan7idyAKfc6pvCtNzvar4/eIzrVVk3hjNFH5+fGqyjD0gQRovdTrDl20wsmZhBtmZpcsR0tOfquwb8g=="
        }
      }
    },
    "libphonenumber-js": {
      "version": "1.12.4",
      "resolved": "https://registry.npmjs.org/libphonenumber-js/-/libphonenumber-js-1.12.4.tgz",
      "integrity": "sha512-vLmhg7Gan7idyAKfc6pvCtNzvar4/eIzrVVk3hjNFH5+fGqyjD0gQRovdTrDl20wsmZhBtmZpcsR0tOfquwb8g=="
    }
  }
}
